
Microsoft Visual Studio Solution File, Format Version 12.00
Project("{FAE04EC0-301F-11D3-BF4B-00C04F79EFBC}") = "OfficeP32", "OfficeP32\OfficeP32.csproj", "{61B25713-C8E1-4F5A-9D16-252981FB3247}"
EndProject
Global
	GlobalSection(SolutionConfigurationPlatforms) = preSolution
		Debug|Any CPU = Debug|Any CPU
		Release|Any CPU = Release|Any CPU
	EndGlobalSection
	GlobalSection(ProjectConfigurationPlatforms) = postSolution
		{61B25713-C8E1-4F5A-9D16-252981FB3247}.Debug|Any CPU.ActiveCfg = Debug|Any CPU
		{61B25713-C8E1-4F5A-9D16-252981FB3247}.Debug|Any CPU.Build.0 = Debug|Any CPU
		{61B25713-C8E1-4F5A-9D16-252981FB3247}.Release|Any CPU.ActiveCfg = Release|Any CPU
		{61B25713-C8E1-4F5A-9D16-252981FB3247}.Release|Any CPU.Build.0 = Release|Any CPU
	EndGlobalSection
EndGlobal
